// !$*UTF8*$!
{
	archiveVersion = 1;
	classes = {
	};
	objectVersion = 50;
	objects = {

/* Begin PBXBuildFile section */
		96328BA326AEA33C00F2CD73 /* AppDelegate.swift in Sources */ = {isa = PBXBuildFile; fileRef = 96328BA226AEA33C00F2CD73 /* AppDelegate.swift */; };
		96328BA526AEA33C00F2CD73 /* SceneDelegate.swift in Sources */ = {isa = PBXBuildFile; fileRef = 96328BA426AEA33C00F2CD73 /* SceneDelegate.swift */; };
		96328BA726AEA33C00F2CD73 /* ViewController.swift in Sources */ = {isa = PBXBuildFile; fileRef = 96328BA626AEA33C00F2CD73 /* ViewController.swift */; };
		96328BAA26AEA33C00F2CD73 /* Main.storyboard in Resources */ = {isa = PBXBuildFile; fileRef = 96328BA826AEA33C00F2CD73 /* Main.storyboard */; };
		96328BAC26AEA34000F2CD73 /* Assets.xcassets in Resources */ = {isa = PBXBuildFile; fileRef = 96328BAB26AEA34000F2CD73 /* Assets.xcassets */; };
		96328BAF26AEA34000F2CD73 /* LaunchScreen.storyboard in Resources */ = {isa = PBXBuildFile; fileRef = 96328BAD26AEA34000F2CD73 /* LaunchScreen.storyboard */; };
		96328BBA26AEA34100F2CD73 /* Demo3Tests.swift in Sources */ = {isa = PBXBuildFile; fileRef = 96328BB926AEA34100F2CD73 /* Demo3Tests.swift */; };
		96328BC526AEA34100F2CD73 /* Demo3UITests.swift in Sources */ = {isa = PBXBuildFile; fileRef = 96328BC426AEA34100F2CD73 /* Demo3UITests.swift */; };
/* End PBXBuildFile section */

/* Begin PBXContainerItemProxy section */
		96328BB626AEA34100F2CD73 /* PBXContainerItemProxy */ = {
			isa = PBXContainerItemProxy;
			containerPortal = 96328B9726AEA33C00F2CD73 /* Project object */;
			proxyType = 1;
			remoteGlobalIDString = 96328B9E26AEA33C00F2CD73;
			remoteInfo = Demo3;
		};
		96328BC126AEA34100F2CD73 /* PBXContainerItemProxy */ = {
			isa = PBXContainerItemProxy;
			containerPortal = 96328B9726AEA33C00F2CD73 /* Project object */;
			proxyType = 1;
			remoteGlobalIDString = 96328B9E26AEA33C00F2CD73;
			remoteInfo = Demo3;
		};
/* End PBXContainerItemProxy section */

/* Begin PBXFileReference section */
		96328B9F26AEA33C00F2CD73 /* Demo3.app */ = {isa = PBXFileReference; explicitFileType = wrapper.application; includeInIndex = 0; path = Demo3.app; sourceTree = BUILT_PRODUCTS_DIR; };
		96328BA226AEA33C00F2CD73 /* AppDelegate.swift */ = {isa = PBXFileReference; lastKnownFileType = sourcecode.swift; path = AppDelegate.swift; sourceTree = "<group>"; };
		96328BA426AEA33C00F2CD73 /* SceneDelegate.swift */ = {isa = PBXFileReference; lastKnownFileType = sourcecode.swift; path = SceneDelegate.swift; sourceTree = "<group>"; };
		96328BA626AEA33C00F2CD73 /* ViewController.swift */ = {isa = PBXFileReference; lastKnownFileType = sourcecode.swift; path = ViewController.swift; sourceTree = "<group>"; };
		96328BA926AEA33C00F2CD73 /* Base */ = {isa = PBXFileReference; lastKnownFileType = file.storyboard; name = Base; path = Base.lproj/Main.storyboard; sourceTree = "<group>"; };
		96328BAB26AEA34000F2CD73 /* Assets.xcassets */ = {isa = PBXFileReference; lastKnownFileType = folder.assetcatalog; path = Assets.xcassets; sourceTree = "<group>"; };
		96328BAE26AEA34000F2CD73 /* Base */ = {isa = PBXFileReference; lastKnownFileType = file.storyboard; name = Base; path = Base.lproj/LaunchScreen.storyboard; sourceTree = "<group>"; };
		96328BB026AEA34000F2CD73 /* Info.plist */ = {isa = PBXFileReference; lastKnownFileType = text.plist.xml; path = Info.plist; sourceTree = "<group>"; };
		96328BB526AEA34100F2CD73 /* Demo3Tests.xctest */ = {isa = PBXFileReference; explicitFileType = wrapper.cfbundle; includeInIndex = 0; path = Demo3Tests.xctest; sourceTree = BUILT_PRODUCTS_DIR; };
		96328BB926AEA34100F2CD73 /* Demo3Tests.swift */ = {isa = PBXFileReference; lastKnownFileType = sourcecode.swift; path = Demo3Tests.swift; sourceTree = "<group>"; };
		96328BBB26AEA34100F2CD73 /* Info.plist */ = {isa = PBXFileReference; lastKnownFileType = text.plist.xml; path = Info.plist; sourceTree = "<group>"; };
		96328BC026AEA34100F2CD73 /* Demo3UITests.xctest */ = {isa = PBXFileReference; explicitFileType = wrapper.cfbundle; includeInIndex = 0; path = Demo3UITests.xctest; sourceTree = BUILT_PRODUCTS_DIR; };
		96328BC426AEA34100F2CD73 /* Demo3UITests.swift */ = {isa = PBXFileReference; lastKnownFileType = sourcecode.swift; path = Demo3UITests.swift; sourceTree = "<group>"; };
		96328BC626AEA34100F2CD73 /* Info.plist */ = {isa = PBXFileReference; lastKnownFileType = text.plist.xml; path = Info.plist; sourceTree = "<group>"; };
/* End PBXFileReference section */

/* Begin PBXFrameworksBuildPhase section */
		96328B9C26AEA33C00F2CD73 /* Frameworks */ = {
			isa = PBXFrameworksBuildPhase;
			buildActionMask = 2147483647;
			files = (
			);
			runOnlyForDeploymentPostprocessing = 0;
		};
		96328BB226AEA34100F2CD73 /* Frameworks */ = {
			isa = PBXFrameworksBuildPhase;
			buildActionMask = 2147483647;
			files = (
			);
			runOnlyForDeploymentPostprocessing = 0;
		};
		96328BBD26AEA34100F2CD73 /* Frameworks */ = {
			isa = PBXFrameworksBuildPhase;
			buildActionMask = 2147483647;
			files = (
			);
			runOnlyForDeploymentPostprocessing = 0;
		};
/* End PBXFrameworksBuildPhase section */

/* Begin PBXGroup section */
		96328B9626AEA33C00F2CD73 = {
			isa = PBXGroup;
			children = (
				96328BA126AEA33C00F2CD73 /* Demo3 */,
				96328BB826AEA34100F2CD73 /* Demo3Tests */,
				96328BC326AEA34100F2CD73 /* Demo3UITests */,
				96328BA026AEA33C00F2CD73 /* Products */,
			);
			sourceTree = "<group>";
		};
		96328BA026AEA33C00F2CD73 /* Products */ = {
			isa = PBXGroup;
			children = (
				96328B9F26AEA33C00F2CD73 /* Demo3.app */,
				96328BB526AEA34100F2CD73 /* Demo3Tests.xctest */,
				96328BC026AEA34100F2CD73 /* Demo3UITests.xctest */,
			);
			name = Products;
			sourceTree = "<group>";
		};
		96328BA126AEA33C00F2CD73 /* Demo3 */ = {
			isa = PBXGroup;
			children = (
				96328BA226AEA33C00F2CD73 /* AppDelegate.swift */,
				96328BA426AEA33C00F2CD73 /* SceneDelegate.swift */,
				96328BA626AEA33C00F2CD73 /* ViewController.swift */,
				96328BA826AEA33C00F2CD73 /* Main.storyboard */,
				96328BAB26AEA34000F2CD73 /* Assets.xcassets */,
				96328BAD26AEA34000F2CD73 /* LaunchScreen.storyboard */,
				96328BB026AEA34000F2CD73 /* Info.plist */,
			);
			path = Demo3;
			sourceTree = "<group>";
		};
		96328BB826AEA34100F2CD73 /* Demo3Tests */ = {
			isa = PBXGroup;
			children = (
				96328BB926AEA34100F2CD73 /* Demo3Tests.swift */,
				96328BBB26AEA34100F2CD73 /* Info.plist */,
			);
			path = Demo3Tests;
			sourceTree = "<group>";
		};
		96328BC326AEA34100F2CD73 /* Demo3UITests */ = {
			isa = PBXGroup;
			children = (
				96328BC426AEA34100F2CD73 /* Demo3UITests.swift */,
				96328BC626AEA34100F2CD73 /* Info.plist */,
			);
			path = Demo3UITests;
			sourceTree = "<group>";
		};
/* End PBXGroup section */

/* Begin PBXNativeTarget section */
		96328B9E26AEA33C00F2CD73 /* Demo3 */ = {
			isa = PBXNativeTarget;
			buildConfigurationList = 96328BC926AEA34100F2CD73 /* Build configuration list for PBXNativeTarget "Demo3" */;
			buildPhases = (
				96328B9B26AEA33C00F2CD73 /* Sources */,
				96328B9C26AEA33C00F2CD73 /* Frameworks */,
				96328B9D26AEA33C00F2CD73 /* Resources */,
			);
			buildRules = (
			);
			dependencies = (
			);
			name = Demo3;
			productName = Demo3;
			productReference = 96328B9F26AEA33C00F2CD73 /* Demo3.app */;
			productType = "com.apple.product-type.application";
		};
		96328BB426AEA34100F2CD73 /* Demo3Tests */ = {
			isa = PBXNativeTarget;
			buildConfigurationList = 96328BCC26AEA34100F2CD73 /* Build configuration list for PBXNativeTarget "Demo3Tests" */;
			buildPhases = (
				96328BB126AEA34100F2CD73 /* Sources */,
				96328BB226AEA34100F2CD73 /* Frameworks */,
				96328BB326AEA34100F2CD73 /* Resources */,
			);
			buildRules = (
			);
			dependencies = (
				96328BB726AEA34100F2CD73 /* PBXTargetDependency */,
			);
			name = Demo3Tests;
			productName = Demo3Tests;
			productReference = 96328BB526AEA34100F2CD73 /* Demo3Tests.xctest */;
			productType = "com.apple.product-type.bundle.unit-test";
		};
		96328BBF26AEA34100F2CD73 /* Demo3UITests */ = {
			isa = PBXNativeTarget;
			buildConfigurationList = 96328BCF26AEA34100F2CD73 /* Build configuration list for PBXNativeTarget "Demo3UITests" */;
			buildPhases = (
				96328BBC26AEA34100F2CD73 /* Sources */,
				96328BBD26AEA34100F2CD73 /* Frameworks */,
				96328BBE26AEA34100F2CD73 /* Resources */,
			);
			buildRules = (
			);
			dependencies = (
				96328BC226AEA34100F2CD73 /* PBXTargetDependency */,
			);
			name = Demo3UITests;
			productName = Demo3UITests;
			productReference = 96328BC026AEA34100F2CD73 /* Demo3UITests.xctest */;
			productType = "com.apple.product-type.bundle.ui-testing";
		};
/* End PBXNativeTarget section */

/* Begin PBXProject section */
		96328B9726AEA33C00F2CD73 /* Project object */ = {
			isa = PBXProject;
			attributes = {
				LastSwiftUpdateCheck = 1240;
				LastUpgradeCheck = 1240;
				TargetAttributes = {
					96328B9E26AEA33C00F2CD73 = {
						CreatedOnToolsVersion = 12.4;
					};
					96328BB426AEA34100F2CD73 = {
						CreatedOnToolsVersion = 12.4;
						TestTargetID = 96328B9E26AEA33C00F2CD73;
					};
					96328BBF26AEA34100F2CD73 = {
						CreatedOnToolsVersion = 12.4;
						TestTargetID = 96328B9E26AEA33C00F2CD73;
					};
				};
			};
			buildConfigurationList = 96328B9A26AEA33C00F2CD73 /* Build configuration list for PBXProject "Demo3" */;
			compatibilityVersion = "Xcode 9.3";
			developmentRegion = en;
			hasScannedForEncodings = 0;
			knownRegions = (
				en,
				Base,
			);
			mainGroup = 96328B9626AEA33C00F2CD73;
			productRefGroup = 96328BA026AEA33C00F2CD73 /* Products */;
			projectDirPath = "";
			projectRoot = "";
			targets = (
				96328B9E26AEA33C00F2CD73 /* Demo3 */,
				96328BB426AEA34100F2CD73 /* Demo3Tests */,
				96328BBF26AEA34100F2CD73 /* Demo3UITests */,
			);
		};
/* End PBXProject section */

/* Begin PBXResourcesBuildPhase section */
		96328B9D26AEA33C00F2CD73 /* Resources */ = {
			isa = PBXResourcesBuildPhase;
			buildActionMask = 2147483647;
			files = (
				96328BAF26AEA34000F2CD73 /* LaunchScreen.storyboard in Resources */,
				96328BAC26AEA34000F2CD73 /* Assets.xcassets in Resources */,
				96328BAA26AEA33C00F2CD73 /* Main.storyboard in Resources */,
			);
			runOnlyForDeploymentPostprocessing = 0;
		};
		96328BB326AEA34100F2CD73 /* Resources */ = {
			isa = PBXResourcesBuildPhase;
			buildActionMask = 2147483647;
			files = (
			);
			runOnlyForDeploymentPostprocessing = 0;
		};
		96328BBE26AEA34100F2CD73 /* Resources */ = {
			isa = PBXResourcesBuildPhase;
			buildActionMask = 2147483647;
			files = (
			);
			runOnlyForDeploymentPostprocessing = 0;
		};
/* End PBXResourcesBuildPhase section */

/* Begin PBXSourcesBuildPhase section */
		96328B9B26AEA33C00F2CD73 /* Sources */ = {
			isa = PBXSourcesBuildPhase;
			buildActionMask = 2147483647;
			files = (
				96328BA726AEA33C00F2CD73 /* ViewController.swift in Sources */,
				96328BA326AEA33C00F2CD73 /* AppDelegate.swift in Sources */,
				96328BA526AEA33C00F2CD73 /* SceneDelegate.swift in Sources */,
			);
			runOnlyForDeploymentPostprocessing = 0;
		};
		96328BB126AEA34100F2CD73 /* Sources */ = {
			isa = PBXSourcesBuildPhase;
			buildActionMask = 2147483647;
			files = (
				96328BBA26AEA34100F2CD73 /* Demo3Tests.swift in Sources */,
			);
			runOnlyForDeploymentPostprocessing = 0;
		};
		96328BBC26AEA34100F2CD73 /* Sources */ = {
			isa = PBXSourcesBuildPhase;
			buildActionMask = 2147483647;
			files = (
				96328BC526AEA34100F2CD73 /* Demo3UITests.swift in Sources */,
			);
			runOnlyForDeploymentPostprocessing = 0;
		};
/* End PBXSourcesBuildPhase section */

/* Begin PBXTargetDependency section */
		96328BB726AEA34100F2CD73 /* PBXTargetDependency */ = {
			isa = PBXTargetDependency;
			target = 96328B9E26AEA33C00F2CD73 /* Demo3 */;
			targetProxy = 96328BB626AEA34100F2CD73 /* PBXContainerItemProxy */;
		};
		96328BC226AEA34100F2CD73 /* PBXTargetDependency */ = {
			isa = PBXTargetDependency;
			target = 96328B9E26AEA33C00F2CD73 /* Demo3 */;
			targetProxy = 96328BC126AEA34100F2CD73 /* PBXContainerItemProxy */;
		};
/* End PBXTargetDependency section */

/* Begin PBXVariantGroup section */
		96328BA826AEA33C00F2CD73 /* Main.storyboard */ = {
			isa = PBXVariantGroup;
			children = (
				96328BA926AEA33C00F2CD73 /* Base */,
			);
			name = Main.storyboard;
			sourceTree = "<group>";
		};
		96328BAD26AEA34000F2CD73 /* LaunchScreen.storyboard */ = {
			isa = PBXVariantGroup;
			children = (
				96328BAE26AEA34000F2CD73 /* Base */,
			);
			name = LaunchScreen.storyboard;
			sourceTree = "<group>";
		};
/* End PBXVariantGroup section */

/* Begin XCBuildConfiguration section */
		96328BC726AEA34100F2CD73 /* Debug */ = {
			isa = XCBuildConfiguration;
			buildSettings = {
				ALWAYS_SEARCH_USER_PATHS = NO;
				CLANG_ANALYZER_NONNULL = YES;
				CLANG_ANALYZER_NUMBER_OBJECT_CONVERSION = YES_AGGRESSIVE;
				CLANG_CXX_LANGUAGE_STANDARD = "gnu++14";
				CLANG_CXX_LIBRARY = "libc++";
				CLANG_ENABLE_MODULES = YES;
				CLANG_ENABLE_OBJC_ARC = YES;
				CLANG_ENABLE_OBJC_WEAK = YES;
				CLANG_WARN_BLOCK_CAPTURE_AUTORELEASING = YES;
				CLANG_WARN_BOOL_CONVERSION = YES;
				CLANG_WARN_COMMA = YES;
				CLANG_WARN_CONSTANT_CONVERSION = YES;
				CLANG_WARN_DEPRECATED_OBJC_IMPLEMENTATIONS = YES;
				CLANG_WARN_DIRECT_OBJC_ISA_USAGE = YES_ERROR;
				CLANG_WARN_DOCUMENTATION_COMMENTS = YES;
				CLANG_WARN_EMPTY_BODY = YES;
				CLANG_WARN_ENUM_CONVERSION = YES;
				CLANG_WARN_INFINITE_RECURSION = YES;
				CLANG_WARN_INT_CONVERSION = YES;
				CLANG_WARN_NON_LITERAL_NULL_CONVERSION = YES;
				CLANG_WARN_OBJC_IMPLICIT_RETAIN_SELF = YES;
				CLANG_WARN_OBJC_LITERAL_CONVERSION = YES;
				CLANG_WARN_OBJC_ROOT_CLASS = YES_ERROR;
				CLANG_WARN_QUOTED_INCLUDE_IN_FRAMEWORK_HEADER = YES;
				CLANG_WARN_RANGE_LOOP_ANALYSIS = YES;
				CLANG_WARN_STRICT_PROTOTYPES = YES;
				CLANG_WARN_SUSPICIOUS_MOVE = YES;
				CLANG_WARN_UNGUARDED_AVAILABILITY = YES_AGGRESSIVE;
				CLANG_WARN_UNREACHABLE_CODE = YES;
				CLANG_WARN__DUPLICATE_METHOD_MATCH = YES;
				COPY_PHASE_STRIP = NO;
				DEBUG_INFORMATION_FORMAT = dwarf;
				ENABLE_STRICT_OBJC_MSGSEND = YES;
				ENABLE_TESTABILITY = YES;
				GCC_C_LANGUAGE_STANDARD = gnu11;
				GCC_DYNAMIC_NO_PIC = NO;
				GCC_NO_COMMON_BLOCKS = YES;
				GCC_OPTIMIZATION_LEVEL = 0;
				GCC_PREPROCESSOR_DEFINITIONS = (
					"DEBUG=1",
					"$(inherited)",
				);
				GCC_WARN_64_TO_32_BIT_CONVERSION = YES;
				GCC_WARN_ABOUT_RETURN_TYPE = YES_ERROR;
				GCC_WARN_UNDECLARED_SELECTOR = YES;
				GCC_WARN_UNINITIALIZED_AUTOS = YES_AGGRESSIVE;
				GCC_WARN_UNUSED_FUNCTION = YES;
				GCC_WARN_UNUSED_VARIABLE = YES;
				IPHONEOS_DEPLOYMENT_TARGET = 14.4;
				MTL_ENABLE_DEBUG_INFO = INCLUDE_SOURCE;
				MTL_FAST_MATH = YES;
				ONLY_ACTIVE_ARCH = YES;
				SDKROOT = iphoneos;
				SWIFT_ACTIVE_COMPILATION_CONDITIONS = DEBUG;
				SWIFT_OPTIMIZATION_LEVEL = "-Onone";
			};
			name = Debug;
		};
		96328BC826AEA34100F2CD73 /* Release */ = {
			isa = XCBuildConfiguration;
			buildSettings = {
				ALWAYS_SEARCH_USER_PATHS = NO;
				CLANG_ANALYZER_NONNULL = YES;
				CLANG_ANALYZER_NUMBER_OBJECT_CONVERSION = YES_AGGRESSIVE;
				CLANG_CXX_LANGUAGE_STANDARD = "gnu++14";
				CLANG_CXX_LIBRARY = "libc++";
				CLANG_ENABLE_MODULES = YES;
				CLANG_ENABLE_OBJC_ARC = YES;
				CLANG_ENABLE_OBJC_WEAK = YES;
				CLANG_WARN_BLOCK_CAPTURE_AUTORELEASING = YES;
				CLANG_WARN_BOOL_CONVERSION = YES;
				CLANG_WARN_COMMA = YES;
				CLANG_WARN_CONSTANT_CONVERSION = YES;
				CLANG_WARN_DEPRECATED_OBJC_IMPLEMENTATIONS = YES;
				CLANG_WARN_DIRECT_OBJC_ISA_USAGE = YES_ERROR;
				CLANG_WARN_DOCUMENTATION_COMMENTS = YES;
				CLANG_WARN_EMPTY_BODY = YES;
				CLANG_WARN_ENUM_CONVERSION = YES;
				CLANG_WARN_INFINITE_RECURSION = YES;
				CLANG_WARN_INT_CONVERSION = YES;
				CLANG_WARN_NON_LITERAL_NULL_CONVERSION = YES;
				CLANG_WARN_OBJC_IMPLICIT_RETAIN_SELF = YES;
				CLANG_WARN_OBJC_LITERAL_CONVERSION = YES;
				CLANG_WARN_OBJC_ROOT_CLASS = YES_ERROR;
				CLANG_WARN_QUOTED_INCLUDE_IN_FRAMEWORK_HEADER = YES;
				CLANG_WARN_RANGE_LOOP_ANALYSIS = YES;
				CLANG_WARN_STRICT_PROTOTYPES = YES;
				CLANG_WARN_SUSPICIOUS_MOVE = YES;
				CLANG_WARN_UNGUARDED_AVAILABILITY = YES_AGGRESSIVE;
				CLANG_WARN_UNREACHABLE_CODE = YES;
				CLANG_WARN__DUPLICATE_METHOD_MATCH = YES;
				COPY_PHASE_STRIP = NO;
				DEBUG_INFORMATION_FORMAT = "dwarf-with-dsym";
				ENABLE_NS_ASSERTIONS = NO;
				ENABLE_STRICT_OBJC_MSGSEND = YES;
				GCC_C_LANGUAGE_STANDARD = gnu11;
				GCC_NO_COMMON_BLOCKS = YES;
				GCC_WARN_64_TO_32_BIT_CONVERSION = YES;
				GCC_WARN_ABOUT_RETURN_TYPE = YES_ERROR;
				GCC_WARN_UNDECLARED_SELECTOR = YES;
				GCC_WARN_UNINITIALIZED_AUTOS = YES_AGGRESSIVE;
				GCC_WARN_UNUSED_FUNCTION = YES;
				GCC_WARN_UNUSED_VARIABLE = YES;
				IPHONEOS_DEPLOYMENT_TARGET = 14.4;
				MTL_ENABLE_DEBUG_INFO = NO;
				MTL_FAST_MATH = YES;
				SDKROOT = iphoneos;
				SWIFT_COMPILATION_MODE = wholemodule;
				SWIFT_OPTIMIZATION_LEVEL = "-O";
				VALIDATE_PRODUCT = YES;
			};
			name = Release;
		};
		96328BCA26AEA34100F2CD73 /* Debug */ = {
			isa = XCBuildConfiguration;
			buildSettings = {
				ASSETCATALOG_COMPILER_APPICON_NAME = AppIcon;
				ASSETCATALOG_COMPILER_GLOBAL_ACCENT_COLOR_NAME = AccentColor;
				CODE_SIGN_STYLE = Automatic;
				DEVELOPMENT_TEAM = FWYVY227K8;
				INFOPLIST_FILE = Demo3/Info.plist;
				LD_RUNPATH_SEARCH_PATHS = (
					"$(inherited)",
					"@executable_path/Frameworks",
				);
				PRODUCT_BUNDLE_IDENTIFIER = com.Jason.Demo3;
				PRODUCT_NAME = "$(TARGET_NAME)";
				SWIFT_VERSION = 5.0;
				TARGETED_DEVICE_FAMILY = "1,2";
			};
			name = Debug;
		};
		96328BCB26AEA34100F2CD73 /* Release */ = {
			isa = XCBuildConfiguration;
			buildSettings = {
				ASSETCATALOG_COMPILER_APPICON_NAME = AppIcon;
				ASSETCATALOG_COMPILER_GLOBAL_ACCENT_COLOR_NAME = AccentColor;
				CODE_SIGN_STYLE = Automatic;
				DEVELOPMENT_TEAM = FWYVY227K8;
				INFOPLIST_FILE = Demo3/Info.plist;
				LD_RUNPATH_SEARCH_PATHS = (
					"$(inherited)",
					"@executable_path/Frameworks",
				);
				PRODUCT_BUNDLE_IDENTIFIER = com.Jason.Demo3;
				PRODUCT_NAME = "$(TARGET_NAME)";
				SWIFT_VERSION = 5.0;
				TARGETED_DEVICE_FAMILY = "1,2";
			};
			name = Release;
		};
		96328BCD26AEA34100F2CD73 /* Debug */ = {
			isa = XCBuildConfiguration;
			buildSettings = {
				ALWAYS_EMBED_SWIFT_STANDARD_LIBRARIES = YES;
				BUNDLE_LOADER = "$(TEST_HOST)";
				CODE_SIGN_STYLE = Automatic;
				DEVELOPMENT_TEAM = FWYVY227K8;
				INFOPLIST_FILE = Demo3Tests/Info.plist;
				IPHONEOS_DEPLOYMENT_TARGET = 14.4;
				LD_RUNPATH_SEARCH_PATHS = (
					"$(inherited)",
					"@executable_path/Frameworks",
					"@loader_path/Frameworks",
				);
				PRODUCT_BUNDLE_IDENTIFIER = com.Jason.Demo3Tests;
				PRODUCT_NAME = "$(TARGET_NAME)";
				SWIFT_VERSION = 5.0;
				TARGETED_DEVICE_FAMILY = "1,2";
				TEST_HOST = "$(BUILT_PRODUCTS_DIR)/Demo3.app/Demo3";
			};
			name = Debug;
		};
		96328BCE26AEA34100F2CD73 /* Release */ = {
			isa = XCBuildConfiguration;
			buildSettings = {
				ALWAYS_EMBED_SWIFT_STANDARD_LIBRARIES = YES;
				BUNDLE_LOADER = "$(TEST_HOST)";
				CODE_SIGN_STYLE = Automatic;
				DEVELOPMENT_TEAM = FWYVY227K8;
				INFOPLIST_FILE = Demo3Tests/Info.plist;
				IPHONEOS_DEPLOYMENT_TARGET = 14.4;
				LD_RUNPATH_SEARCH_PATHS = (
					"$(inherited)",
					"@executable_path/Frameworks",
					"@loader_path/Frameworks",
				);
				PRODUCT_BUNDLE_IDENTIFIER = com.Jason.Demo3Tests;
				PRODUCT_NAME = "$(TARGET_NAME)";
				SWIFT_VERSION = 5.0;
				TARGETED_DEVICE_FAMILY = "1,2";
				TEST_HOST = "$(BUILT_PRODUCTS_DIR)/Demo3.app/Demo3";
			};
			name = Release;
		};
		96328BD026AEA34100F2CD73 /* Debug */ = {
			isa = XCBuildConfiguration;
			buildSettings = {
				ALWAYS_EMBED_SWIFT_STANDARD_LIBRARIES = YES;
				CODE_SIGN_STYLE = Automatic;
				DEVELOPMENT_TEAM = FWYVY227K8;
				INFOPLIST_FILE = Demo3UITests/Info.plist;
				LD_RUNPATH_SEARCH_PATHS = (
					"$(inherited)",
					"@executable_path/Frameworks",
					"@loader_path/Frameworks",
				);
				PRODUCT_BUNDLE_IDENTIFIER = com.Jason.Demo3UITests;
				PRODUCT_NAME = "$(TARGET_NAME)";
				SWIFT_VERSION = 5.0;
				TARGETED_DEVICE_FAMILY = "1,2";
				TEST_TARGET_NAME = Demo3;
			};
			name = Debug;
		};
		96328BD126AEA34100F2CD73 /* Release */ = {
			isa = XCBuildConfiguration;
			buildSettings = {
				ALWAYS_EMBED_SWIFT_STANDARD_LIBRARIES = YES;
				CODE_SIGN_STYLE = Automatic;
				DEVELOPMENT_TEAM = FWYVY227K8;
				INFOPLIST_FILE = Demo3UITests/Info.plist;
				LD_RUNPATH_SEARCH_PATHS = (
					"$(inherited)",
					"@executable_path/Frameworks",
					"@loader_path/Frameworks",
				);
				PRODUCT_BUNDLE_IDENTIFIER = com.Jason.Demo3UITests;
				PRODUCT_NAME = "$(TARGET_NAME)";
				SWIFT_VERSION = 5.0;
				TARGETED_DEVICE_FAMILY = "1,2";
				TEST_TARGET_NAME = Demo3;
			};
			name = Release;
		};
/* End XCBuildConfiguration section */

/* Begin XCConfigurationList section */
		96328B9A26AEA33C00F2CD73 /* Build configuration list for PBXProject "Demo3" */ = {
			isa = XCConfigurationList;
			buildConfigurations = (
				96328BC726AEA34100F2CD73 /* Debug */,
				96328BC826AEA34100F2CD73 /* Release */,
			);
			defaultConfigurationIsVisible = 0;
			defaultConfigurationName = Release;
		};
		96328BC926AEA34100F2CD73 /* Build configuration list for PBXNativeTarget "Demo3" */ = {
			isa = XCConfigurationList;
			buildConfigurations = (
				96328BCA26AEA34100F2CD73 /* Debug */,
				96328BCB26AEA34100F2CD73 /* Release */,
			);
			defaultConfigurationIsVisible = 0;
			defaultConfigurationName = Release;
		};
		96328BCC26AEA34100F2CD73 /* Build configuration list for PBXNativeTarget "Demo3Tests" */ = {
			isa = XCConfigurationList;
			buildConfigurations = (
				96328BCD26AEA34100F2CD73 /* Debug */,
				96328BCE26AEA34100F2CD73 /* Release */,
			);
			defaultConfigurationIsVisible = 0;
			defaultConfigurationName = Release;
		};
		96328BCF26AEA34100F2CD73 /* Build configuration list for PBXNativeTarget "Demo3UITests" */ = {
			isa = XCConfigurationList;
			buildConfigurations = (
				96328BD026AEA34100F2CD73 /* Debug */,
				96328BD126AEA34100F2CD73 /* Release */,
			);
			defaultConfigurationIsVisible = 0;
			defaultConfigurationName = Release;
		};
/* End XCConfigurationList section */
	};
	rootObject = 96328B9726AEA33C00F2CD73 /* Project object */;
}
